PODS:
  - AFNetworking (3.2.1):
    - AFNetworking/NSURLSession (= 3.2.1)
    - AFNetworking/Reachability (= 3.2.1)
    - AFNetworking/Security (= 3.2.1)
    - AFNetworking/Serialization (= 3.2.1)
    - AFNetworking/UIKit (= 3.2.1)
  - AFNetworking/NSURLSession (3.2.1):
    - AFNetworking/Reachability
    - AFNetworking/Security
    - AFNetworking/Serialization
  - AFNetworking/Reachability (3.2.1)
  - AFNetworking/Security (3.2.1)
  - AFNetworking/Serialization (3.2.1)
  - AFNetworking/UIKit (3.2.1):
    - AFNetworking/NSURLSession
  - CTMediator (25)
  - DZNEmptyDataSet (1.8.1)
  - FORScrollViewEmptyAssistant (1.2.2):
    - DZNEmptyDataSet (= 1.8.1)
  - GPUImage (0.1.7)
  - IQKeyboardManager (6.2.0)
  - Masonry (1.1.0)
  - MBProgressHUD (1.1.0)
  - MJExtension (3.0.15.1)
  - MJRefresh (3.1.15.7)
  - SDWebImage (4.4.2):
    - SDWebImage/Core (= 4.4.2)
  - SDWebImage/Core (4.4.2)
  - YYCache (1.0.4)
  - ZLPhotoBrowser (2.7.5):
    - GPUImage
    - SDWebImage

DEPENDENCIES:
  - AFNetworking
  - CTMediator
  - FORScrollViewEmptyAssistant
  - IQKeyboardManager
  - Masonry (~> 1.1.0)
  - MBProgressHUD (~> 1.1.0)
  - MJExtension
  - MJRefresh
  - SDWebImage
  - YYCache
  - ZLPhotoBrowser

SPEC REPOS:
  https://github.com/cocoapods/specs.git:
    - AFNetworking
    - CTMediator
    - DZNEmptyDataSet
    - FORScrollViewEmptyAssistant
    - GPUImage
    - IQKeyboardManager
    - Masonry
    - MBProgressHUD
    - MJExtension
    - MJRefresh
    - SDWebImage
    - YYCache
    - ZLPhotoBrowser

SPEC CHECKSUMS:
  AFNetworking: b6f891fdfaed196b46c7a83cf209e09697b94057
  CTMediator: 830c1fc204b3a6abf2a059510c7380f56343da0f
  DZNEmptyDataSet: 9525833b9e68ac21c30253e1d3d7076cc828eaa7
  FORScrollViewEmptyAssistant: ede93d2bd9926dff6f2364d40047505a0d334158
  GPUImage: 733a5f0fab92df9de1c37ba9df520a833ccb406d
  IQKeyboardManager: 6194101620b73af5e67900b8f89707a99de0b804
  Masonry: 678fab65091a9290e40e2832a55e7ab731aad201
  MBProgressHUD: e7baa36a220447d8aeb12769bf0585582f3866d9
  MJExtension: 19bc33ce2eee2d319760f5622562cf581a6ff756
  MJRefresh: 697f8ec75ebdbe9207767bb682cf0f51b0d8a41f
  SDWebImage: 624d6e296c69b244bcede364c72ae0430ac14681
  YYCache: 8105b6638f5e849296c71f331ff83891a4942952
  ZLPhotoBrowser: 32f2e065486c64fcde9381887694bf4ec17c53dc

PODFILE CHECKSUM: 95546115ab7becddc5a43b22ce5687421c253dff

COCOAPODS: 1.5.3
